
Microsoft Visual Studio Solution File, Format Version 12.00
# Visual Studio Version 17
VisualStudioVersion = 17.3.32929.385
MinimumVisualStudioVersion = 10.0.40219.1
Project("{FAE04EC0-301F-11D3-BF4B-00C04F79EFBC}") = "API_Facturación", "API_Facturación\API_Facturación.csproj", "{DD9185AD-B60A-4399-A662-2E6F3F055243}"
EndProject
Global
	GlobalSection(SolutionConfigurationPlatforms) = preSolution
		Debug|Any CPU = Debug|Any CPU
		Release|Any CPU = Release|Any CPU
	EndGlobalSection
	GlobalSection(ProjectConfigurationPlatforms) = postSolution
		{DD9185AD-B60A-4399-A662-2E6F3F055243}.Debug|Any CPU.ActiveCfg = Debug|Any CPU
		{DD9185AD-B60A-4399-A662-2E6F3F055243}.Debug|Any CPU.Build.0 = Debug|Any CPU
		{DD9185AD-B60A-4399-A662-2E6F3F055243}.Release|Any CPU.ActiveCfg = Release|Any CPU
		{DD9185AD-B60A-4399-A662-2E6F3F055243}.Release|Any CPU.Build.0 = Release|Any CPU
	EndGlobalSection
	GlobalSection(SolutionProperties) = preSolution
		HideSolutionNode = FALSE
	EndGlobalSection
	GlobalSection(ExtensibilityGlobals) = postSolution
		SolutionGuid = {6201647B-9EE2-40B0-B8F1-F6654845C035}
	EndGlobalSection
EndGlobal
